{
  "version": 4,
  "terraform_version": "1.6.4",
  "serial": 16,
  "lineage": "47e7d110-3201-c873-a94a-a41af7988e57",
  "outputs": {
    "app_service_url": {
      "value": "appservice4167.azurewebsites.net",
      "type": "string"
    },
    "resource_group_name": {
      "value": "myResourceGroup",
      "type": "string"
    },
    "virtual_network_name": {
      "value": "myVNet",
      "type": "string"
    }
  },
  "resources": [
    {
      "mode": "managed",
      "type": "azurerm_app_service",
      "name": "main",
      "provider": "provider[\"registry.terraform.io/hashicorp/azurerm\"]",
      "instances": [
        {
          "schema_version": 0,
          "attributes": {
            "app_service_plan_id": "/subscriptions/45d598b0-9aae-47da-b875-dad6e37e538d/resourceGroups/myResourceGroup/providers/Microsoft.Web/serverfarms/myAppServicePlan",
            "app_settings": {
              "WEBSITES_ENABLE_APP_SERVICE_STORAGE": "false"
            },
            "auth_settings": [
              {
                "active_directory": [],
                "additional_login_params": {},
                "allowed_external_redirect_urls": [],
                "default_provider": "",
                "enabled": false,
                "facebook": [],
                "google": [],
                "issuer": "",
                "microsoft": [],
                "runtime_version": "",
                "token_refresh_extension_hours": 0,
                "token_store_enabled": false,
                "twitter": [],
                "unauthenticated_client_action": ""
              }
            ],
            "backup": [],
            "client_affinity_enabled": false,
            "client_cert_enabled": false,
            "client_cert_mode": "Required",
            "connection_string": [],
            "custom_domain_verification_id": "DBF4A4B98001181A9DEE3D6745AB0EB8EB4E2CBBF580BAF66D635CF9A54D2EC3",
            "default_site_hostname": "appservice4167.azurewebsites.net",
            "enabled": true,
            "https_only": false,
            "id": "/subscriptions/45d598b0-9aae-47da-b875-dad6e37e538d/resourceGroups/myResourceGroup/providers/Microsoft.Web/sites/AppService4167",
            "identity": [],
            "key_vault_reference_identity_id": "SystemAssigned",
            "location": "westeurope",
            "logs": [
              {
                "application_logs": [
                  {
                    "azure_blob_storage": [],
                    "file_system_level": "Off"
                  }
                ],
                "detailed_error_messages_enabled": false,
                "failed_request_tracing_enabled": false,
                "http_logs": [
                  {
                    "azure_blob_storage": [],
                    "file_system": []
                  }
                ]
              }
            ],
            "name": "AppService4167",
            "outbound_ip_address_list": [
              "20.126.197.114",
              "20.126.197.172",
              "20.126.198.164",
              "20.126.199.116",
              "20.31.113.91",
              "20.31.113.173",
              "20.4.203.38",
              "4.231.64.183",
              "4.231.65.2",
              "4.231.65.39",
              "20.82.43.153",
              "20.82.45.44",
              "20.105.232.51"
            ],
            "outbound_ip_addresses": "20.126.197.114,20.126.197.172,20.126.198.164,20.126.199.116,20.31.113.91,20.31.113.173,20.4.203.38,4.231.64.183,4.231.65.2,4.231.65.39,20.82.43.153,20.82.45.44,20.105.232.51",
            "possible_outbound_ip_address_list": [
              "20.126.197.114",
              "20.126.197.172",
              "20.126.198.164",
              "20.126.199.116",
              "20.31.113.91",
              "20.31.113.173",
              "20.4.203.38",
              "4.231.64.183",
              "4.231.65.2",
              "4.231.65.39",
              "20.82.43.153",
              "20.82.45.44",
              "20.82.45.199",
              "20.82.47.136",
              "20.93.235.51",
              "20.93.238.224",
              "20.93.239.76",
              "20.103.184.53",
              "20.103.187.167",
              "20.103.188.18",
              "20.103.191.194",
              "20.126.195.188",
              "20.126.195.207",
              "20.126.196.59",
              "20.126.197.114",
              "20.126.197.172",
              "20.126.198.164",
              "20.126.199.116",
              "20.31.113.91",
              "20.31.113.173",
              "20.31.113.203",
              "20.31.114.2",
              "20.31.114.38",
              "20.31.114.76",
              "20.31.114.240",
              "20.31.116.186",
              "20.105.232.51"
            ],
            "possible_outbound_ip_addresses": "20.126.197.114,20.126.197.172,20.126.198.164,20.126.199.116,20.31.113.91,20.31.113.173,20.4.203.38,4.231.64.183,4.231.65.2,4.231.65.39,20.82.43.153,20.82.45.44,20.82.45.199,20.82.47.136,20.93.235.51,20.93.238.224,20.93.239.76,20.103.184.53,20.103.187.167,20.103.188.18,20.103.191.194,20.126.195.188,20.126.195.207,20.126.196.59,20.126.197.114,20.126.197.172,20.126.198.164,20.126.199.116,20.31.113.91,20.31.113.173,20.31.113.203,20.31.114.2,20.31.114.38,20.31.114.76,20.31.114.240,20.31.116.186,20.105.232.51",
            "resource_group_name": "myResourceGroup",
            "site_config": [
              {
                "acr_use_managed_identity_credentials": false,
                "acr_user_managed_identity_client_id": "",
                "always_on": false,
                "app_command_line": "",
                "auto_swap_slot_name": "",
                "cors": [
                  {
                    "allowed_origins": [],
                    "support_credentials": false
                  }
                ],
                "default_documents": null,
                "dotnet_framework_version": "v4.0",
                "ftps_state": "FtpsOnly",
                "health_check_path": "",
                "http2_enabled": false,
                "ip_restriction": [],
                "java_container": "",
                "java_container_version": "",
                "java_version": "",
                "linux_fx_version": "DOCKER|malekghorbel/parser:latest",
                "local_mysql_enabled": false,
                "managed_pipeline_mode": "Integrated",
                "min_tls_version": "1.2",
                "number_of_workers": 1,
                "php_version": "",
                "python_version": "",
                "remote_debugging_enabled": false,
                "remote_debugging_version": "VS2019",
                "scm_ip_restriction": [],
                "scm_type": "None",
                "scm_use_main_ip_restriction": false,
                "use_32_bit_worker_process": false,
                "vnet_route_all_enabled": false,
                "websockets_enabled": false,
                "windows_fx_version": ""
              }
            ],
            "site_credential": [
              {
                "password": "XlWwZu9sMbs1Twwol1KNf1hLs2kDZ0z8iKCXa9cjoeDnwFDPLdSkv6o94dMQ",
                "username": "$AppService4167"
              }
            ],
            "source_control": [
              {
                "branch": "main",
                "manual_integration": false,
                "repo_url": "",
                "rollback_enabled": false,
                "use_mercurial": false
              }
            ],
            "storage_account": [],
            "tags": null,
            "timeouts": null
          },
          "sensitive_attributes": [],
          "private": "eyJlMmJmYjczMC1lY2FhLTExZTYtOGY4OC0zNDM2M2JjN2M0YzAiOnsiY3JlYXRlIjoxODAwMDAwMDAwMDAwLCJkZWxldGUiOjE4MDAwMDAwMDAwMDAsInJlYWQiOjMwMDAwMDAwMDAwMCwidXBkYXRlIjoxODAwMDAwMDAwMDAwfX0=",
          "dependencies": [
            "azurerm_app_service_plan.main",
            "azurerm_resource_group.main"
          ]
        }
      ]
    },
    {
      "mode": "managed",
      "type": "azurerm_app_service_plan",
      "name": "main",
      "provider": "provider[\"registry.terraform.io/hashicorp/azurerm\"]",
      "instances": [
        {
          "schema_version": 0,
          "attributes": {
            "app_service_environment_id": "",
            "id": "/subscriptions/45d598b0-9aae-47da-b875-dad6e37e538d/resourceGroups/myResourceGroup/providers/Microsoft.Web/serverfarms/myAppServicePlan",
            "is_xenon": false,
            "kind": "linux",
            "location": "westeurope",
            "maximum_elastic_worker_count": 1,
            "maximum_number_of_workers": 10,
            "name": "myAppServicePlan",
            "per_site_scaling": false,
            "reserved": true,
            "resource_group_name": "myResourceGroup",
            "sku": [
              {
                "capacity": 1,
                "size": "S1",
                "tier": "Standard"
              }
            ],
            "tags": null,
            "timeouts": null,
            "zone_redundant": false
          },
          "sensitive_attributes": [],
          "private": "eyJlMmJmYjczMC1lY2FhLTExZTYtOGY4OC0zNDM2M2JjN2M0YzAiOnsiY3JlYXRlIjozNjAwMDAwMDAwMDAwLCJkZWxldGUiOjM2MDAwMDAwMDAwMDAsInJlYWQiOjMwMDAwMDAwMDAwMCwidXBkYXRlIjozNjAwMDAwMDAwMDAwfX0=",
          "dependencies": [
            "azurerm_resource_group.main"
          ]
        }
      ]
    },
    {
      "mode": "managed",
      "type": "azurerm_resource_group",
      "name": "main",
      "provider": "provider[\"registry.terraform.io/hashicorp/azurerm\"]",
      "instances": [
        {
          "schema_version": 0,
          "attributes": {
            "id": "/subscriptions/45d598b0-9aae-47da-b875-dad6e37e538d/resourceGroups/myResourceGroup",
            "location": "westeurope",
            "managed_by": "",
            "name": "myResourceGroup",
            "tags": {},
            "timeouts": null
          },
          "sensitive_attributes": [],
          "private": "eyJlMmJmYjczMC1lY2FhLTExZTYtOGY4OC0zNDM2M2JjN2M0YzAiOnsiY3JlYXRlIjo1NDAwMDAwMDAwMDAwLCJkZWxldGUiOjU0MDAwMDAwMDAwMDAsInJlYWQiOjMwMDAwMDAwMDAwMCwidXBkYXRlIjo1NDAwMDAwMDAwMDAwfSwic2NoZW1hX3ZlcnNpb24iOiIwIn0="
        }
      ]
    },
    {
      "mode": "managed",
      "type": "azurerm_virtual_network",
      "name": "main",
      "provider": "provider[\"registry.terraform.io/hashicorp/azurerm\"]",
      "instances": [
        {
          "schema_version": 0,
          "attributes": {
            "address_space": [
              "10.0.0.0/16"
            ],
            "bgp_community": "",
            "ddos_protection_plan": [],
            "dns_servers": [],
            "edge_zone": "",
            "encryption": [],
            "flow_timeout_in_minutes": 0,
            "guid": "cdac7fd2-c5fc-4517-9ba8-56378e0ee554",
            "id": "/subscriptions/45d598b0-9aae-47da-b875-dad6e37e538d/resourceGroups/myResourceGroup/providers/Microsoft.Network/virtualNetworks/myVNet",
            "location": "westeurope",
            "name": "myVNet",
            "resource_group_name": "myResourceGroup",
            "subnet": [],
            "tags": null,
            "timeouts": null
          },
          "sensitive_attributes": [],
          "private": "eyJlMmJmYjczMC1lY2FhLTExZTYtOGY4OC0zNDM2M2JjN2M0YzAiOnsiY3JlYXRlIjoxODAwMDAwMDAwMDAwLCJkZWxldGUiOjE4MDAwMDAwMDAwMDAsInJlYWQiOjMwMDAwMDAwMDAwMCwidXBkYXRlIjoxODAwMDAwMDAwMDAwfX0=",
          "dependencies": [
            "azurerm_resource_group.main"
          ]
        }
      ]
    }
  ],
  "check_results": null
}
