{
  "version": 4,
  "terraform_version": "1.6.4",
  "serial": 12,
  "lineage": "47e7d110-3201-c873-a94a-a41af7988e57",
  "outputs": {
    "app_service_url": {
      "value": "appservice4167.azurewebsites.net",
      "type": "string"
    },
    "resource_group_name": {
      "value": "myResourceGroup",
      "type": "string"
    },
    "virtual_network_name": {
      "value": "myVNet",
      "type": "string"
    }
  },
  "resources": [
    {
      "mode": "managed",
      "type": "azurerm_app_service",
      "name": "main",
      "provider": "provider[\"registry.terraform.io/hashicorp/azurerm\"]",
      "instances": [
        {
          "schema_version": 0,
          "attributes": {
            "app_service_plan_id": "/subscriptions/45d598b0-9aae-47da-b875-dad6e37e538d/resourceGroups/myResourceGroup/providers/Microsoft.Web/serverfarms/myAppServicePlan",
            "app_settings": {
              "WEBSITES_ENABLE_APP_SERVICE_STORAGE": "false",
              "WEBSITE_NODE_DEFAULT_VERSION": "6.9.1"
            },
            "auth_settings": [
              {
                "active_directory": [],
                "additional_login_params": {},
                "allowed_external_redirect_urls": [],
                "default_provider": "",
                "enabled": false,
                "facebook": [],
                "google": [],
                "issuer": "",
                "microsoft": [],
                "runtime_version": "",
                "token_refresh_extension_hours": 0,
                "token_store_enabled": false,
                "twitter": [],
                "unauthenticated_client_action": ""
              }
            ],
            "backup": [],
            "client_affinity_enabled": false,
            "client_cert_enabled": false,
            "client_cert_mode": "Required",
            "connection_string": [],
            "custom_domain_verification_id": "DBF4A4B98001181A9DEE3D6745AB0EB8EB4E2CBBF580BAF66D635CF9A54D2EC3",
            "default_site_hostname": "appservice4167.azurewebsites.net",
            "enabled": true,
            "https_only": false,
            "id": "/subscriptions/45d598b0-9aae-47da-b875-dad6e37e538d/resourceGroups/myResourceGroup/providers/Microsoft.Web/sites/AppService4167",
            "identity": [],
            "key_vault_reference_identity_id": "SystemAssigned",
            "location": "westeurope",
            "logs": [
              {
                "application_logs": [
                  {
                    "azure_blob_storage": [],
                    "file_system_level": "Off"
                  }
                ],
                "detailed_error_messages_enabled": false,
                "failed_request_tracing_enabled": false,
                "http_logs": [
                  {
                    "azure_blob_storage": [],
                    "file_system": []
                  }
                ]
              }
            ],
            "name": "AppService4167",
            "outbound_ip_address_list": [
              "20.71.75.100",
              "20.71.75.133",
              "20.71.75.198",
              "20.71.75.237",
              "20.71.76.1",
              "20.71.76.23",
              "20.50.2.26"
            ],
            "outbound_ip_addresses": "20.71.75.100,20.71.75.133,20.71.75.198,20.71.75.237,20.71.76.1,20.71.76.23,20.50.2.26",
            "possible_outbound_ip_address_list": [
              "20.71.75.100",
              "20.71.75.133",
              "20.71.75.198",
              "20.71.75.237",
              "20.71.76.1",
              "20.71.76.23",
              "20.71.76.57",
              "20.71.76.171",
              "20.71.76.196",
              "20.71.77.10",
              "20.71.77.83",
              "20.71.77.134",
              "20.71.77.205",
              "20.71.78.20",
              "20.71.78.208",
              "20.71.78.243",
              "20.71.79.77",
              "20.71.79.165",
              "20.71.79.228",
              "20.73.232.14",
              "20.73.232.51",
              "20.73.232.121",
              "20.73.232.130",
              "20.73.232.163",
              "20.73.232.186",
              "20.73.232.217",
              "20.73.232.241",
              "20.73.132.133",
              "20.73.132.167",
              "20.73.133.173",
              "20.50.2.26"
            ],
            "possible_outbound_ip_addresses": "20.71.75.100,20.71.75.133,20.71.75.198,20.71.75.237,20.71.76.1,20.71.76.23,20.71.76.57,20.71.76.171,20.71.76.196,20.71.77.10,20.71.77.83,20.71.77.134,20.71.77.205,20.71.78.20,20.71.78.208,20.71.78.243,20.71.79.77,20.71.79.165,20.71.79.228,20.73.232.14,20.73.232.51,20.73.232.121,20.73.232.130,20.73.232.163,20.73.232.186,20.73.232.217,20.73.232.241,20.73.132.133,20.73.132.167,20.73.133.173,20.50.2.26",
            "resource_group_name": "myResourceGroup",
            "site_config": [
              {
                "acr_use_managed_identity_credentials": false,
                "acr_user_managed_identity_client_id": "",
                "always_on": false,
                "app_command_line": "",
                "auto_swap_slot_name": "",
                "cors": [],
                "default_documents": [
                  "Default.htm",
                  "Default.html",
                  "Default.asp",
                  "index.htm",
                  "index.html",
                  "iisstart.htm",
                  "default.aspx",
                  "index.php",
                  "hostingstart.html"
                ],
                "dotnet_framework_version": "v4.0",
                "ftps_state": "FtpsOnly",
                "health_check_path": "",
                "http2_enabled": false,
                "ip_restriction": [],
                "java_container": "",
                "java_container_version": "",
                "java_version": "",
                "linux_fx_version": "",
                "local_mysql_enabled": false,
                "managed_pipeline_mode": "Integrated",
                "min_tls_version": "1.2",
                "number_of_workers": 1,
                "php_version": "5.6",
                "python_version": "",
                "remote_debugging_enabled": false,
                "remote_debugging_version": "VS2019",
                "scm_ip_restriction": [],
                "scm_type": "None",
                "scm_use_main_ip_restriction": false,
                "use_32_bit_worker_process": true,
                "vnet_route_all_enabled": false,
                "websockets_enabled": false,
                "windows_fx_version": ""
              }
            ],
            "site_credential": [
              {
                "password": "BoJTsGwsaghf3dASd76pJtPtHkvgeLaEH2FQ6yJimuqu4as7kuCxZo4LkuAY",
                "username": "$AppService4167"
              }
            ],
            "source_control": [
              {
                "branch": "main",
                "manual_integration": false,
                "repo_url": "",
                "rollback_enabled": false,
                "use_mercurial": false
              }
            ],
            "storage_account": [],
            "tags": {},
            "timeouts": null
          },
          "sensitive_attributes": [],
          "private": "eyJlMmJmYjczMC1lY2FhLTExZTYtOGY4OC0zNDM2M2JjN2M0YzAiOnsiY3JlYXRlIjoxODAwMDAwMDAwMDAwLCJkZWxldGUiOjE4MDAwMDAwMDAwMDAsInJlYWQiOjMwMDAwMDAwMDAwMCwidXBkYXRlIjoxODAwMDAwMDAwMDAwfX0=",
          "dependencies": [
            "azurerm_app_service_plan.main",
            "azurerm_resource_group.main"
          ]
        }
      ]
    },
    {
      "mode": "managed",
      "type": "azurerm_app_service_plan",
      "name": "main",
      "provider": "provider[\"registry.terraform.io/hashicorp/azurerm\"]",
      "instances": [
        {
          "schema_version": 0,
          "attributes": {
            "app_service_environment_id": "",
            "id": "/subscriptions/45d598b0-9aae-47da-b875-dad6e37e538d/resourceGroups/myResourceGroup/providers/Microsoft.Web/serverfarms/myAppServicePlan",
            "is_xenon": false,
            "kind": "Windows",
            "location": "westeurope",
            "maximum_elastic_worker_count": 1,
            "maximum_number_of_workers": 10,
            "name": "myAppServicePlan",
            "per_site_scaling": false,
            "reserved": false,
            "resource_group_name": "myResourceGroup",
            "sku": [
              {
                "capacity": 1,
                "size": "S1",
                "tier": "Standard"
              }
            ],
            "tags": {},
            "timeouts": null,
            "zone_redundant": false
          },
          "sensitive_attributes": [],
          "private": "eyJlMmJmYjczMC1lY2FhLTExZTYtOGY4OC0zNDM2M2JjN2M0YzAiOnsiY3JlYXRlIjozNjAwMDAwMDAwMDAwLCJkZWxldGUiOjM2MDAwMDAwMDAwMDAsInJlYWQiOjMwMDAwMDAwMDAwMCwidXBkYXRlIjozNjAwMDAwMDAwMDAwfX0=",
          "dependencies": [
            "azurerm_resource_group.main"
          ]
        }
      ]
    },
    {
      "mode": "managed",
      "type": "azurerm_resource_group",
      "name": "main",
      "provider": "provider[\"registry.terraform.io/hashicorp/azurerm\"]",
      "instances": [
        {
          "schema_version": 0,
          "attributes": {
            "id": "/subscriptions/45d598b0-9aae-47da-b875-dad6e37e538d/resourceGroups/myResourceGroup",
            "location": "westeurope",
            "managed_by": "",
            "name": "myResourceGroup",
            "tags": {},
            "timeouts": null
          },
          "sensitive_attributes": [],
          "private": "eyJlMmJmYjczMC1lY2FhLTExZTYtOGY4OC0zNDM2M2JjN2M0YzAiOnsiY3JlYXRlIjo1NDAwMDAwMDAwMDAwLCJkZWxldGUiOjU0MDAwMDAwMDAwMDAsInJlYWQiOjMwMDAwMDAwMDAwMCwidXBkYXRlIjo1NDAwMDAwMDAwMDAwfSwic2NoZW1hX3ZlcnNpb24iOiIwIn0="
        }
      ]
    },
    {
      "mode": "managed",
      "type": "azurerm_virtual_network",
      "name": "main",
      "provider": "provider[\"registry.terraform.io/hashicorp/azurerm\"]",
      "instances": [
        {
          "schema_version": 0,
          "attributes": {
            "address_space": [
              "10.0.0.0/16"
            ],
            "bgp_community": "",
            "ddos_protection_plan": [],
            "dns_servers": [],
            "edge_zone": "",
            "encryption": [],
            "flow_timeout_in_minutes": 0,
            "guid": "a057910c-69e9-412f-8f6c-5619c9c4bce2",
            "id": "/subscriptions/45d598b0-9aae-47da-b875-dad6e37e538d/resourceGroups/myResourceGroup/providers/Microsoft.Network/virtualNetworks/myVNet",
            "location": "westeurope",
            "name": "myVNet",
            "resource_group_name": "myResourceGroup",
            "subnet": [],
            "tags": {},
            "timeouts": null
          },
          "sensitive_attributes": [],
          "private": "eyJlMmJmYjczMC1lY2FhLTExZTYtOGY4OC0zNDM2M2JjN2M0YzAiOnsiY3JlYXRlIjoxODAwMDAwMDAwMDAwLCJkZWxldGUiOjE4MDAwMDAwMDAwMDAsInJlYWQiOjMwMDAwMDAwMDAwMCwidXBkYXRlIjoxODAwMDAwMDAwMDAwfX0=",
          "dependencies": [
            "azurerm_resource_group.main"
          ]
        }
      ]
    }
  ],
  "check_results": null
}
